// !$*UTF8*$!
{
	archiveVersion = 1;
	classes = {
	};
	objectVersion = 50;
	objects = {

/* Begin PBXBuildFile section */
		F61B412B22DE14C0009CBDD8 /* AppDelegate.swift in Sources */ = {isa = PBXBuildFile; fileRef = F61B412A22DE14C0009CBDD8 /* AppDelegate.swift */; };
		F61B412D22DE14C0009CBDD8 /* EVTableViewController.swift in Sources */ = {isa = PBXBuildFile; fileRef = F61B412C22DE14C0009CBDD8 /* EVTableViewController.swift */; };
		F61B413222DE14C3009CBDD8 /* Assets.xcassets in Resources */ = {isa = PBXBuildFile; fileRef = F61B413122DE14C3009CBDD8 /* Assets.xcassets */; };
		F61B413522DE14C3009CBDD8 /* LaunchScreen.storyboard in Resources */ = {isa = PBXBuildFile; fileRef = F61B413322DE14C3009CBDD8 /* LaunchScreen.storyboard */; };
		F61B414022DE14C3009CBDD8 /* eventsTests.swift in Sources */ = {isa = PBXBuildFile; fileRef = F61B413F22DE14C3009CBDD8 /* eventsTests.swift */; };
		F61B414B22DE14C3009CBDD8 /* eventsUITests.swift in Sources */ = {isa = PBXBuildFile; fileRef = F61B414A22DE14C3009CBDD8 /* eventsUITests.swift */; };
		F61B415922DE1531009CBDD8 /* Event.swift in Sources */ = {isa = PBXBuildFile; fileRef = F61B415822DE1531009CBDD8 /* Event.swift */; };
		F626F1C222DEA9F900FEC64C /* DateComponents.swift in Sources */ = {isa = PBXBuildFile; fileRef = F626F1C122DEA9F900FEC64C /* DateComponents.swift */; };
		F626F1C522DEB77900FEC64C /* UIColor.swift in Sources */ = {isa = PBXBuildFile; fileRef = F626F1C422DEB77900FEC64C /* UIColor.swift */; };
		F626F1C822DF5CFA00FEC64C /* invalid.json in Resources */ = {isa = PBXBuildFile; fileRef = F63A409222DE75BF00A260A7 /* invalid.json */; };
		F626F1C922DF5CFD00FEC64C /* empty.json in Resources */ = {isa = PBXBuildFile; fileRef = F626F1C622DEBC9700FEC64C /* empty.json */; };
		F626F1CA22DF5D2D00FEC64C /* mock.json in Resources */ = {isa = PBXBuildFile; fileRef = F6E2A2AA22DE808D00F49400 /* mock.json */; };
		F63A409122DE262100A260A7 /* Date.swift in Sources */ = {isa = PBXBuildFile; fileRef = F63A409022DE262100A260A7 /* Date.swift */; };
		F6C2082222DE196900C9C288 /* EventManager.swift in Sources */ = {isa = PBXBuildFile; fileRef = F6C2082122DE196900C9C288 /* EventManager.swift */; };
		F6E2A2AB22DE808D00F49400 /* mock.json in Resources */ = {isa = PBXBuildFile; fileRef = F6E2A2AA22DE808D00F49400 /* mock.json */; };
		F6E2A2B122DEA7B600F49400 /* UIViewController.swift in Sources */ = {isa = PBXBuildFile; fileRef = F6E2A2B022DEA7B600F49400 /* UIViewController.swift */; };
		F6E2A2B322DEA96500F49400 /* EVNavigationController.swift in Sources */ = {isa = PBXBuildFile; fileRef = F6E2A2B222DEA96500F49400 /* EVNavigationController.swift */; };
/* End PBXBuildFile section */

/* Begin PBXContainerItemProxy section */
		F61B413C22DE14C3009CBDD8 /* PBXContainerItemProxy */ = {
			isa = PBXContainerItemProxy;
			containerPortal = F61B411F22DE14C0009CBDD8 /* Project object */;
			proxyType = 1;
			remoteGlobalIDString = F61B412622DE14C0009CBDD8;
			remoteInfo = events;
		};
		F61B414722DE14C3009CBDD8 /* PBXContainerItemProxy */ = {
			isa = PBXContainerItemProxy;
			containerPortal = F61B411F22DE14C0009CBDD8 /* Project object */;
			proxyType = 1;
			remoteGlobalIDString = F61B412622DE14C0009CBDD8;
			remoteInfo = events;
		};
/* End PBXContainerItemProxy section */

/* Begin PBXFileReference section */
		F61B412722DE14C0009CBDD8 /* events.app */ = {isa = PBXFileReference; explicitFileType = wrapper.application; includeInIndex = 0; path = events.app; sourceTree = BUILT_PRODUCTS_DIR; };
		F61B412A22DE14C0009CBDD8 /* AppDelegate.swift */ = {isa = PBXFileReference; lastKnownFileType = sourcecode.swift; path = AppDelegate.swift; sourceTree = "<group>"; };
		F61B412C22DE14C0009CBDD8 /* EVTableViewController.swift */ = {isa = PBXFileReference; lastKnownFileType = sourcecode.swift; path = EVTableViewController.swift; sourceTree = "<group>"; };
		F61B413122DE14C3009CBDD8 /* Assets.xcassets */ = {isa = PBXFileReference; lastKnownFileType = folder.assetcatalog; path = Assets.xcassets; sourceTree = "<group>"; };
		F61B413422DE14C3009CBDD8 /* Base */ = {isa = PBXFileReference; lastKnownFileType = file.storyboard; name = Base; path = Base.lproj/LaunchScreen.storyboard; sourceTree = "<group>"; };
		F61B413622DE14C3009CBDD8 /* Info.plist */ = {isa = PBXFileReference; lastKnownFileType = text.plist.xml; path = Info.plist; sourceTree = "<group>"; };
		F61B413B22DE14C3009CBDD8 /* eventsTests.xctest */ = {isa = PBXFileReference; explicitFileType = wrapper.cfbundle; includeInIndex = 0; path = eventsTests.xctest; sourceTree = BUILT_PRODUCTS_DIR; };
		F61B413F22DE14C3009CBDD8 /* eventsTests.swift */ = {isa = PBXFileReference; lastKnownFileType = sourcecode.swift; path = eventsTests.swift; sourceTree = "<group>"; };
		F61B414122DE14C3009CBDD8 /* Info.plist */ = {isa = PBXFileReference; lastKnownFileType = text.plist.xml; path = Info.plist; sourceTree = "<group>"; };
		F61B414622DE14C3009CBDD8 /* eventsUITests.xctest */ = {isa = PBXFileReference; explicitFileType = wrapper.cfbundle; includeInIndex = 0; path = eventsUITests.xctest; sourceTree = BUILT_PRODUCTS_DIR; };
		F61B414A22DE14C3009CBDD8 /* eventsUITests.swift */ = {isa = PBXFileReference; lastKnownFileType = sourcecode.swift; path = eventsUITests.swift; sourceTree = "<group>"; };
		F61B414C22DE14C3009CBDD8 /* Info.plist */ = {isa = PBXFileReference; lastKnownFileType = text.plist.xml; path = Info.plist; sourceTree = "<group>"; };
		F61B415822DE1531009CBDD8 /* Event.swift */ = {isa = PBXFileReference; lastKnownFileType = sourcecode.swift; path = Event.swift; sourceTree = "<group>"; };
		F626F1C122DEA9F900FEC64C /* DateComponents.swift */ = {isa = PBXFileReference; lastKnownFileType = sourcecode.swift; path = DateComponents.swift; sourceTree = "<group>"; };
		F626F1C422DEB77900FEC64C /* UIColor.swift */ = {isa = PBXFileReference; lastKnownFileType = sourcecode.swift; path = UIColor.swift; sourceTree = "<group>"; };
		F626F1C622DEBC9700FEC64C /* empty.json */ = {isa = PBXFileReference; fileEncoding = 4; lastKnownFileType = text.json; name = empty.json; path = eventsTests/empty.json; sourceTree = SOURCE_ROOT; };
		F63A409022DE262100A260A7 /* Date.swift */ = {isa = PBXFileReference; lastKnownFileType = sourcecode.swift; path = Date.swift; sourceTree = "<group>"; };
		F63A409222DE75BF00A260A7 /* invalid.json */ = {isa = PBXFileReference; fileEncoding = 4; lastKnownFileType = text.json; name = invalid.json; path = eventsTests/invalid.json; sourceTree = SOURCE_ROOT; };
		F6C2082122DE196900C9C288 /* EventManager.swift */ = {isa = PBXFileReference; fileEncoding = 4; lastKnownFileType = sourcecode.swift; path = EventManager.swift; sourceTree = "<group>"; };
		F6E2A2AA22DE808D00F49400 /* mock.json */ = {isa = PBXFileReference; fileEncoding = 4; lastKnownFileType = text.json; name = mock.json; path = events/mock.json; sourceTree = SOURCE_ROOT; };
		F6E2A2B022DEA7B600F49400 /* UIViewController.swift */ = {isa = PBXFileReference; lastKnownFileType = sourcecode.swift; path = UIViewController.swift; sourceTree = "<group>"; };
		F6E2A2B222DEA96500F49400 /* EVNavigationController.swift */ = {isa = PBXFileReference; fileEncoding = 4; lastKnownFileType = sourcecode.swift; path = EVNavigationController.swift; sourceTree = "<group>"; };
/* End PBXFileReference section */

/* Begin PBXFrameworksBuildPhase section */
		F61B412422DE14C0009CBDD8 /* Frameworks */ = {
			isa = PBXFrameworksBuildPhase;
			buildActionMask = 2147483647;
			files = (
			);
			runOnlyForDeploymentPostprocessing = 0;
		};
		F61B413822DE14C3009CBDD8 /* Frameworks */ = {
			isa = PBXFrameworksBuildPhase;
			buildActionMask = 2147483647;
			files = (
			);
			runOnlyForDeploymentPostprocessing = 0;
		};
		F61B414322DE14C3009CBDD8 /* Frameworks */ = {
			isa = PBXFrameworksBuildPhase;
			buildActionMask = 2147483647;
			files = (
			);
			runOnlyForDeploymentPostprocessing = 0;
		};
/* End PBXFrameworksBuildPhase section */

/* Begin PBXGroup section */
		F61B411E22DE14C0009CBDD8 = {
			isa = PBXGroup;
			children = (
				F61B412922DE14C0009CBDD8 /* events */,
				F61B413E22DE14C3009CBDD8 /* eventsTests */,
				F61B414922DE14C3009CBDD8 /* eventsUITests */,
				F61B412822DE14C0009CBDD8 /* Products */,
			);
			sourceTree = "<group>";
		};
		F61B412822DE14C0009CBDD8 /* Products */ = {
			isa = PBXGroup;
			children = (
				F61B412722DE14C0009CBDD8 /* events.app */,
				F61B413B22DE14C3009CBDD8 /* eventsTests.xctest */,
				F61B414622DE14C3009CBDD8 /* eventsUITests.xctest */,
			);
			name = Products;
			sourceTree = "<group>";
		};
		F61B412922DE14C0009CBDD8 /* events */ = {
			isa = PBXGroup;
			children = (
				F626F1C022DEA9E200FEC64C /* Extensions */,
				F61B412A22DE14C0009CBDD8 /* AppDelegate.swift */,
				F626F1C322DEAA0D00FEC64C /* Controllers */,
				F61B415822DE1531009CBDD8 /* Event.swift */,
				F6C2082122DE196900C9C288 /* EventManager.swift */,
				F6E2A2AC22DE80A200F49400 /* Resources */,
			);
			path = events;
			sourceTree = "<group>";
		};
		F61B413E22DE14C3009CBDD8 /* eventsTests */ = {
			isa = PBXGroup;
			children = (
				F63A409222DE75BF00A260A7 /* invalid.json */,
				F626F1C622DEBC9700FEC64C /* empty.json */,
				F61B413F22DE14C3009CBDD8 /* eventsTests.swift */,
				F61B414122DE14C3009CBDD8 /* Info.plist */,
			);
			path = eventsTests;
			sourceTree = "<group>";
		};
		F61B414922DE14C3009CBDD8 /* eventsUITests */ = {
			isa = PBXGroup;
			children = (
				F61B414A22DE14C3009CBDD8 /* eventsUITests.swift */,
				F61B414C22DE14C3009CBDD8 /* Info.plist */,
			);
			path = eventsUITests;
			sourceTree = "<group>";
		};
		F626F1C022DEA9E200FEC64C /* Extensions */ = {
			isa = PBXGroup;
			children = (
				F6E2A2B022DEA7B600F49400 /* UIViewController.swift */,
				F626F1C422DEB77900FEC64C /* UIColor.swift */,
				F63A409022DE262100A260A7 /* Date.swift */,
				F626F1C122DEA9F900FEC64C /* DateComponents.swift */,
			);
			name = Extensions;
			sourceTree = "<group>";
		};
		F626F1C322DEAA0D00FEC64C /* Controllers */ = {
			isa = PBXGroup;
			children = (
				F61B412C22DE14C0009CBDD8 /* EVTableViewController.swift */,
				F6E2A2B222DEA96500F49400 /* EVNavigationController.swift */,
			);
			name = Controllers;
			sourceTree = "<group>";
		};
		F6E2A2AC22DE80A200F49400 /* Resources */ = {
			isa = PBXGroup;
			children = (
				F61B413122DE14C3009CBDD8 /* Assets.xcassets */,
				F61B413322DE14C3009CBDD8 /* LaunchScreen.storyboard */,
				F61B413622DE14C3009CBDD8 /* Info.plist */,
				F6E2A2AA22DE808D00F49400 /* mock.json */,
			);
			name = Resources;
			sourceTree = "<group>";
		};
/* End PBXGroup section */

/* Begin PBXNativeTarget section */
		F61B412622DE14C0009CBDD8 /* events */ = {
			isa = PBXNativeTarget;
			buildConfigurationList = F61B414F22DE14C3009CBDD8 /* Build configuration list for PBXNativeTarget "events" */;
			buildPhases = (
				F61B412322DE14C0009CBDD8 /* Sources */,
				F61B412422DE14C0009CBDD8 /* Frameworks */,
				F61B412522DE14C0009CBDD8 /* Resources */,
			);
			buildRules = (
			);
			dependencies = (
			);
			name = events;
			productName = events;
			productReference = F61B412722DE14C0009CBDD8 /* events.app */;
			productType = "com.apple.product-type.application";
		};
		F61B413A22DE14C3009CBDD8 /* eventsTests */ = {
			isa = PBXNativeTarget;
			buildConfigurationList = F61B415222DE14C3009CBDD8 /* Build configuration list for PBXNativeTarget "eventsTests" */;
			buildPhases = (
				F61B413722DE14C3009CBDD8 /* Sources */,
				F61B413822DE14C3009CBDD8 /* Frameworks */,
				F61B413922DE14C3009CBDD8 /* Resources */,
			);
			buildRules = (
			);
			dependencies = (
				F61B413D22DE14C3009CBDD8 /* PBXTargetDependency */,
			);
			name = eventsTests;
			productName = eventsTests;
			productReference = F61B413B22DE14C3009CBDD8 /* eventsTests.xctest */;
			productType = "com.apple.product-type.bundle.unit-test";
		};
		F61B414522DE14C3009CBDD8 /* eventsUITests */ = {
			isa = PBXNativeTarget;
			buildConfigurationList = F61B415522DE14C3009CBDD8 /* Build configuration list for PBXNativeTarget "eventsUITests" */;
			buildPhases = (
				F61B414222DE14C3009CBDD8 /* Sources */,
				F61B414322DE14C3009CBDD8 /* Frameworks */,
				F61B414422DE14C3009CBDD8 /* Resources */,
			);
			buildRules = (
			);
			dependencies = (
				F61B414822DE14C3009CBDD8 /* PBXTargetDependency */,
			);
			name = eventsUITests;
			productName = eventsUITests;
			productReference = F61B414622DE14C3009CBDD8 /* eventsUITests.xctest */;
			productType = "com.apple.product-type.bundle.ui-testing";
		};
/* End PBXNativeTarget section */

/* Begin PBXProject section */
		F61B411F22DE14C0009CBDD8 /* Project object */ = {
			isa = PBXProject;
			attributes = {
				LastSwiftUpdateCheck = 1020;
				LastUpgradeCheck = 1020;
				ORGANIZATIONNAME = "Zachary Gorak";
				TargetAttributes = {
					F61B412622DE14C0009CBDD8 = {
						CreatedOnToolsVersion = 10.2.1;
					};
					F61B413A22DE14C3009CBDD8 = {
						CreatedOnToolsVersion = 10.2.1;
						TestTargetID = F61B412622DE14C0009CBDD8;
					};
					F61B414522DE14C3009CBDD8 = {
						CreatedOnToolsVersion = 10.2.1;
						TestTargetID = F61B412622DE14C0009CBDD8;
					};
				};
			};
			buildConfigurationList = F61B412222DE14C0009CBDD8 /* Build configuration list for PBXProject "events" */;
			compatibilityVersion = "Xcode 9.3";
			developmentRegion = en;
			hasScannedForEncodings = 0;
			knownRegions = (
				en,
				Base,
			);
			mainGroup = F61B411E22DE14C0009CBDD8;
			productRefGroup = F61B412822DE14C0009CBDD8 /* Products */;
			projectDirPath = "";
			projectRoot = "";
			targets = (
				F61B412622DE14C0009CBDD8 /* events */,
				F61B413A22DE14C3009CBDD8 /* eventsTests */,
				F61B414522DE14C3009CBDD8 /* eventsUITests */,
			);
		};
/* End PBXProject section */

/* Begin PBXResourcesBuildPhase section */
		F61B412522DE14C0009CBDD8 /* Resources */ = {
			isa = PBXResourcesBuildPhase;
			buildActionMask = 2147483647;
			files = (
				F61B413522DE14C3009CBDD8 /* LaunchScreen.storyboard in Resources */,
				F61B413222DE14C3009CBDD8 /* Assets.xcassets in Resources */,
				F6E2A2AB22DE808D00F49400 /* mock.json in Resources */,
			);
			runOnlyForDeploymentPostprocessing = 0;
		};
		F61B413922DE14C3009CBDD8 /* Resources */ = {
			isa = PBXResourcesBuildPhase;
			buildActionMask = 2147483647;
			files = (
				F626F1C822DF5CFA00FEC64C /* invalid.json in Resources */,
				F626F1C922DF5CFD00FEC64C /* empty.json in Resources */,
				F626F1CA22DF5D2D00FEC64C /* mock.json in Resources */,
			);
			runOnlyForDeploymentPostprocessing = 0;
		};
		F61B414422DE14C3009CBDD8 /* Resources */ = {
			isa = PBXResourcesBuildPhase;
			buildActionMask = 2147483647;
			files = (
			);
			runOnlyForDeploymentPostprocessing = 0;
		};
/* End PBXResourcesBuildPhase section */

/* Begin PBXSourcesBuildPhase section */
		F61B412322DE14C0009CBDD8 /* Sources */ = {
			isa = PBXSourcesBuildPhase;
			buildActionMask = 2147483647;
			files = (
				F61B412D22DE14C0009CBDD8 /* EVTableViewController.swift in Sources */,
				F63A409122DE262100A260A7 /* Date.swift in Sources */,
				F6E2A2B122DEA7B600F49400 /* UIViewController.swift in Sources */,
				F626F1C222DEA9F900FEC64C /* DateComponents.swift in Sources */,
				F626F1C522DEB77900FEC64C /* UIColor.swift in Sources */,
				F61B415922DE1531009CBDD8 /* Event.swift in Sources */,
				F61B412B22DE14C0009CBDD8 /* AppDelegate.swift in Sources */,
				F6C2082222DE196900C9C288 /* EventManager.swift in Sources */,
				F6E2A2B322DEA96500F49400 /* EVNavigationController.swift in Sources */,
			);
			runOnlyForDeploymentPostprocessing = 0;
		};
		F61B413722DE14C3009CBDD8 /* Sources */ = {
			isa = PBXSourcesBuildPhase;
			buildActionMask = 2147483647;
			files = (
				F61B414022DE14C3009CBDD8 /* eventsTests.swift in Sources */,
			);
			runOnlyForDeploymentPostprocessing = 0;
		};
		F61B414222DE14C3009CBDD8 /* Sources */ = {
			isa = PBXSourcesBuildPhase;
			buildActionMask = 2147483647;
			files = (
				F61B414B22DE14C3009CBDD8 /* eventsUITests.swift in Sources */,
			);
			runOnlyForDeploymentPostprocessing = 0;
		};
/* End PBXSourcesBuildPhase section */

/* Begin PBXTargetDependency section */
		F61B413D22DE14C3009CBDD8 /* PBXTargetDependency */ = {
			isa = PBXTargetDependency;
			target = F61B412622DE14C0009CBDD8 /* events */;
			targetProxy = F61B413C22DE14C3009CBDD8 /* PBXContainerItemProxy */;
		};
		F61B414822DE14C3009CBDD8 /* PBXTargetDependency */ = {
			isa = PBXTargetDependency;
			target = F61B412622DE14C0009CBDD8 /* events */;
			targetProxy = F61B414722DE14C3009CBDD8 /* PBXContainerItemProxy */;
		};
/* End PBXTargetDependency section */

/* Begin PBXVariantGroup section */
		F61B413322DE14C3009CBDD8 /* LaunchScreen.storyboard */ = {
			isa = PBXVariantGroup;
			children = (
				F61B413422DE14C3009CBDD8 /* Base */,
			);
			name = LaunchScreen.storyboard;
			sourceTree = "<group>";
		};
/* End PBXVariantGroup section */

/* Begin XCBuildConfiguration section */
		F61B414D22DE14C3009CBDD8 /* Debug */ = {
			isa = XCBuildConfiguration;
			buildSettings = {
				ALWAYS_SEARCH_USER_PATHS = NO;
				CLANG_ANALYZER_NONNULL = YES;
				CLANG_ANALYZER_NUMBER_OBJECT_CONVERSION = YES_AGGRESSIVE;
				CLANG_CXX_LANGUAGE_STANDARD = "gnu++14";
				CLANG_CXX_LIBRARY = "libc++";
				CLANG_ENABLE_MODULES = YES;
				CLANG_ENABLE_OBJC_ARC = YES;
				CLANG_ENABLE_OBJC_WEAK = YES;
				CLANG_WARN_BLOCK_CAPTURE_AUTORELEASING = YES;
				CLANG_WARN_BOOL_CONVERSION = YES;
				CLANG_WARN_COMMA = YES;
				CLANG_WARN_CONSTANT_CONVERSION = YES;
				CLANG_WARN_DEPRECATED_OBJC_IMPLEMENTATIONS = YES;
				CLANG_WARN_DIRECT_OBJC_ISA_USAGE = YES_ERROR;
				CLANG_WARN_DOCUMENTATION_COMMENTS = YES;
				CLANG_WARN_EMPTY_BODY = YES;
				CLANG_WARN_ENUM_CONVERSION = YES;
				CLANG_WARN_INFINITE_RECURSION = YES;
				CLANG_WARN_INT_CONVERSION = YES;
				CLANG_WARN_NON_LITERAL_NULL_CONVERSION = YES;
				CLANG_WARN_OBJC_IMPLICIT_RETAIN_SELF = YES;
				CLANG_WARN_OBJC_LITERAL_CONVERSION = YES;
				CLANG_WARN_OBJC_ROOT_CLASS = YES_ERROR;
				CLANG_WARN_RANGE_LOOP_ANALYSIS = YES;
				CLANG_WARN_STRICT_PROTOTYPES = YES;
				CLANG_WARN_SUSPICIOUS_MOVE = YES;
				CLANG_WARN_UNGUARDED_AVAILABILITY = YES_AGGRESSIVE;
				CLANG_WARN_UNREACHABLE_CODE = YES;
				CLANG_WARN__DUPLICATE_METHOD_MATCH = YES;
				CODE_SIGN_IDENTITY = "iPhone Developer";
				COPY_PHASE_STRIP = NO;
				DEBUG_INFORMATION_FORMAT = dwarf;
				ENABLE_STRICT_OBJC_MSGSEND = YES;
				ENABLE_TESTABILITY = YES;
				GCC_C_LANGUAGE_STANDARD = gnu11;
				GCC_DYNAMIC_NO_PIC = NO;
				GCC_NO_COMMON_BLOCKS = YES;
				GCC_OPTIMIZATION_LEVEL = 0;
				GCC_PREPROCESSOR_DEFINITIONS = (
					"DEBUG=1",
					"$(inherited)",
				);
				GCC_WARN_64_TO_32_BIT_CONVERSION = YES;
				GCC_WARN_ABOUT_RETURN_TYPE = YES_ERROR;
				GCC_WARN_UNDECLARED_SELECTOR = YES;
				GCC_WARN_UNINITIALIZED_AUTOS = YES_AGGRESSIVE;
				GCC_WARN_UNUSED_FUNCTION = YES;
				GCC_WARN_UNUSED_VARIABLE = YES;
				IPHONEOS_DEPLOYMENT_TARGET = 12.2;
				MTL_ENABLE_DEBUG_INFO = INCLUDE_SOURCE;
				MTL_FAST_MATH = YES;
				ONLY_ACTIVE_ARCH = YES;
				SDKROOT = iphoneos;
				SWIFT_ACTIVE_COMPILATION_CONDITIONS = DEBUG;
				SWIFT_OPTIMIZATION_LEVEL = "-Onone";
			};
			name = Debug;
		};
		F61B414E22DE14C3009CBDD8 /* Release */ = {
			isa = XCBuildConfiguration;
			buildSettings = {
				ALWAYS_SEARCH_USER_PATHS = NO;
				CLANG_ANALYZER_NONNULL = YES;
				CLANG_ANALYZER_NUMBER_OBJECT_CONVERSION = YES_AGGRESSIVE;
				CLANG_CXX_LANGUAGE_STANDARD = "gnu++14";
				CLANG_CXX_LIBRARY = "libc++";
				CLANG_ENABLE_MODULES = YES;
				CLANG_ENABLE_OBJC_ARC = YES;
				CLANG_ENABLE_OBJC_WEAK = YES;
				CLANG_WARN_BLOCK_CAPTURE_AUTORELEASING = YES;
				CLANG_WARN_BOOL_CONVERSION = YES;
				CLANG_WARN_COMMA = YES;
				CLANG_WARN_CONSTANT_CONVERSION = YES;
				CLANG_WARN_DEPRECATED_OBJC_IMPLEMENTATIONS = YES;
				CLANG_WARN_DIRECT_OBJC_ISA_USAGE = YES_ERROR;
				CLANG_WARN_DOCUMENTATION_COMMENTS = YES;
				CLANG_WARN_EMPTY_BODY = YES;
				CLANG_WARN_ENUM_CONVERSION = YES;
				CLANG_WARN_INFINITE_RECURSION = YES;
				CLANG_WARN_INT_CONVERSION = YES;
				CLANG_WARN_NON_LITERAL_NULL_CONVERSION = YES;
				CLANG_WARN_OBJC_IMPLICIT_RETAIN_SELF = YES;
				CLANG_WARN_OBJC_LITERAL_CONVERSION = YES;
				CLANG_WARN_OBJC_ROOT_CLASS = YES_ERROR;
				CLANG_WARN_RANGE_LOOP_ANALYSIS = YES;
				CLANG_WARN_STRICT_PROTOTYPES = YES;
				CLANG_WARN_SUSPICIOUS_MOVE = YES;
				CLANG_WARN_UNGUARDED_AVAILABILITY = YES_AGGRESSIVE;
				CLANG_WARN_UNREACHABLE_CODE = YES;
				CLANG_WARN__DUPLICATE_METHOD_MATCH = YES;
				CODE_SIGN_IDENTITY = "iPhone Developer";
				COPY_PHASE_STRIP = NO;
				DEBUG_INFORMATION_FORMAT = "dwarf-with-dsym";
				ENABLE_NS_ASSERTIONS = NO;
				ENABLE_STRICT_OBJC_MSGSEND = YES;
				GCC_C_LANGUAGE_STANDARD = gnu11;
				GCC_NO_COMMON_BLOCKS = YES;
				GCC_WARN_64_TO_32_BIT_CONVERSION = YES;
				GCC_WARN_ABOUT_RETURN_TYPE = YES_ERROR;
				GCC_WARN_UNDECLARED_SELECTOR = YES;
				GCC_WARN_UNINITIALIZED_AUTOS = YES_AGGRESSIVE;
				GCC_WARN_UNUSED_FUNCTION = YES;
				GCC_WARN_UNUSED_VARIABLE = YES;
				IPHONEOS_DEPLOYMENT_TARGET = 12.2;
				MTL_ENABLE_DEBUG_INFO = NO;
				MTL_FAST_MATH = YES;
				SDKROOT = iphoneos;
				SWIFT_COMPILATION_MODE = wholemodule;
				SWIFT_OPTIMIZATION_LEVEL = "-O";
				VALIDATE_PRODUCT = YES;
			};
			name = Release;
		};
		F61B415022DE14C3009CBDD8 /* Debug */ = {
			isa = XCBuildConfiguration;
			buildSettings = {
				ASSETCATALOG_COMPILER_APPICON_NAME = AppIcon;
				CODE_SIGN_STYLE = Automatic;
				DEVELOPMENT_TEAM = C6L3992RFB;
				INFOPLIST_FILE = events/Info.plist;
				LD_RUNPATH_SEARCH_PATHS = (
					"$(inherited)",
					"@executable_path/Frameworks",
				);
				PRODUCT_BUNDLE_IDENTIFIER = com.twodayslate.facebook.events;
				PRODUCT_NAME = "$(TARGET_NAME)";
				SWIFT_VERSION = 5.0;
				TARGETED_DEVICE_FAMILY = "1,2";
			};
			name = Debug;
		};
		F61B415122DE14C3009CBDD8 /* Release */ = {
			isa = XCBuildConfiguration;
			buildSettings = {
				ASSETCATALOG_COMPILER_APPICON_NAME = AppIcon;
				CODE_SIGN_STYLE = Automatic;
				DEVELOPMENT_TEAM = C6L3992RFB;
				INFOPLIST_FILE = events/Info.plist;
				LD_RUNPATH_SEARCH_PATHS = (
					"$(inherited)",
					"@executable_path/Frameworks",
				);
				PRODUCT_BUNDLE_IDENTIFIER = com.twodayslate.facebook.events;
				PRODUCT_NAME = "$(TARGET_NAME)";
				SWIFT_VERSION = 5.0;
				TARGETED_DEVICE_FAMILY = "1,2";
			};
			name = Release;
		};
		F61B415322DE14C3009CBDD8 /* Debug */ = {
			isa = XCBuildConfiguration;
			buildSettings = {
				ALWAYS_EMBED_SWIFT_STANDARD_LIBRARIES = YES;
				BUNDLE_LOADER = "$(TEST_HOST)";
				CODE_SIGN_STYLE = Automatic;
				DEVELOPMENT_TEAM = C6L3992RFB;
				INFOPLIST_FILE = eventsTests/Info.plist;
				LD_RUNPATH_SEARCH_PATHS = (
					"$(inherited)",
					"@executable_path/Frameworks",
					"@loader_path/Frameworks",
				);
				PRODUCT_BUNDLE_IDENTIFIER = com.twodayslate.facebook.eventsTests;
				PRODUCT_NAME = "$(TARGET_NAME)";
				SWIFT_VERSION = 5.0;
				TARGETED_DEVICE_FAMILY = "1,2";
				TEST_HOST = "$(BUILT_PRODUCTS_DIR)/events.app/events";
			};
			name = Debug;
		};
		F61B415422DE14C3009CBDD8 /* Release */ = {
			isa = XCBuildConfiguration;
			buildSettings = {
				ALWAYS_EMBED_SWIFT_STANDARD_LIBRARIES = YES;
				BUNDLE_LOADER = "$(TEST_HOST)";
				CODE_SIGN_STYLE = Automatic;
				DEVELOPMENT_TEAM = C6L3992RFB;
				INFOPLIST_FILE = eventsTests/Info.plist;
				LD_RUNPATH_SEARCH_PATHS = (
					"$(inherited)",
					"@executable_path/Frameworks",
					"@loader_path/Frameworks",
				);
				PRODUCT_BUNDLE_IDENTIFIER = com.twodayslate.facebook.eventsTests;
				PRODUCT_NAME = "$(TARGET_NAME)";
				SWIFT_VERSION = 5.0;
				TARGETED_DEVICE_FAMILY = "1,2";
				TEST_HOST = "$(BUILT_PRODUCTS_DIR)/events.app/events";
			};
			name = Release;
		};
		F61B415622DE14C3009CBDD8 /* Debug */ = {
			isa = XCBuildConfiguration;
			buildSettings = {
				ALWAYS_EMBED_SWIFT_STANDARD_LIBRARIES = YES;
				CODE_SIGN_STYLE = Automatic;
				DEVELOPMENT_TEAM = C6L3992RFB;
				INFOPLIST_FILE = eventsUITests/Info.plist;
				LD_RUNPATH_SEARCH_PATHS = (
					"$(inherited)",
					"@executable_path/Frameworks",
					"@loader_path/Frameworks",
				);
				PRODUCT_BUNDLE_IDENTIFIER = com.twodayslate.facebook.eventsUITests;
				PRODUCT_NAME = "$(TARGET_NAME)";
				SWIFT_VERSION = 5.0;
				TARGETED_DEVICE_FAMILY = "1,2";
				TEST_TARGET_NAME = events;
			};
			name = Debug;
		};
		F61B415722DE14C3009CBDD8 /* Release */ = {
			isa = XCBuildConfiguration;
			buildSettings = {
				ALWAYS_EMBED_SWIFT_STANDARD_LIBRARIES = YES;
				CODE_SIGN_STYLE = Automatic;
				DEVELOPMENT_TEAM = C6L3992RFB;
				INFOPLIST_FILE = eventsUITests/Info.plist;
				LD_RUNPATH_SEARCH_PATHS = (
					"$(inherited)",
					"@executable_path/Frameworks",
					"@loader_path/Frameworks",
				);
				PRODUCT_BUNDLE_IDENTIFIER = com.twodayslate.facebook.eventsUITests;
				PRODUCT_NAME = "$(TARGET_NAME)";
				SWIFT_VERSION = 5.0;
				TARGETED_DEVICE_FAMILY = "1,2";
				TEST_TARGET_NAME = events;
			};
			name = Release;
		};
/* End XCBuildConfiguration section */

/* Begin XCConfigurationList section */
		F61B412222DE14C0009CBDD8 /* Build configuration list for PBXProject "events" */ = {
			isa = XCConfigurationList;
			buildConfigurations = (
				F61B414D22DE14C3009CBDD8 /* Debug */,
				F61B414E22DE14C3009CBDD8 /* Release */,
			);
			defaultConfigurationIsVisible = 0;
			defaultConfigurationName = Release;
		};
		F61B414F22DE14C3009CBDD8 /* Build configuration list for PBXNativeTarget "events" */ = {
			isa = XCConfigurationList;
			buildConfigurations = (
				F61B415022DE14C3009CBDD8 /* Debug */,
				F61B415122DE14C3009CBDD8 /* Release */,
			);
			defaultConfigurationIsVisible = 0;
			defaultConfigurationName = Release;
		};
		F61B415222DE14C3009CBDD8 /* Build configuration list for PBXNativeTarget "eventsTests" */ = {
			isa = XCConfigurationList;
			buildConfigurations = (
				F61B415322DE14C3009CBDD8 /* Debug */,
				F61B415422DE14C3009CBDD8 /* Release */,
			);
			defaultConfigurationIsVisible = 0;
			defaultConfigurationName = Release;
		};
		F61B415522DE14C3009CBDD8 /* Build configuration list for PBXNativeTarget "eventsUITests" */ = {
			isa = XCConfigurationList;
			buildConfigurations = (
				F61B415622DE14C3009CBDD8 /* Debug */,
				F61B415722DE14C3009CBDD8 /* Release */,
			);
			defaultConfigurationIsVisible = 0;
			defaultConfigurationName = Release;
		};
/* End XCConfigurationList section */
	};
	rootObject = F61B411F22DE14C0009CBDD8 /* Project object */;
}
